<Solution>
  <Project Path="Ejercicio 1/Ejercicio 1.csproj" Id="95237ff5-ce77-4cf2-a996-3bff6a45f75f" />
  <Project Path="Ejercicio 2/Ejercicio 2.csproj" Id="6f69e2ef-c079-448c-812c-adbab807cbe6" />
  <Project Path="Ejercicio 3/Ejercicio 3.csproj" Id="43d39749-626f-4d7c-b7f7-fa3fb718a063" />
  <Project Path="Ejercicio 4/Ejercicio 4.csproj" Id="92d6c342-3f51-4d33-a8e4-994923ef350e" />
  <Project Path="Ejercicio 5/Ejercicio 5.csproj" Id="2071b5b8-78fe-43d8-93e5-b01b71f47187" />
</Solution>
